<Solution>
  <Folder Name="/Solution Items/">
    <File Path="README.md" />
  </Folder>
  <Project Path="Wex.Purchase.API.AppHost/Wex.Purchase.API.AppHost.csproj" />
  <Project Path="Wex.Purchase.API.ServiceDefaults/Wex.Purchase.API.ServiceDefaults.csproj" />
  <Project Path="Wex.Purchase.API/Wex.Purchase.API.csproj" />
  <Project Path="Wex.Purchase.BusinessModels/Wex.Purchase.BusinessModels.csproj" Id="e184215e-fc1d-4281-bec7-5575e027b17d" />
  <Project Path="Wex.Purchase.Common/Wex.Purchase.Common.csproj" Id="f1213982-56d1-4105-ae50-ae250891a027" />
  <Project Path="Wex.Purchase.Integration.Tests/Wex.Purchase.Integration.Tests.csproj" />
  <Project Path="Wex.Purchase.Manager/Wex.Purchase.Manager.csproj" Id="2ecd87cb-6424-4558-bed7-172d22a2db09" />
  <Project Path="Wex.Purchase.Repository/Wex.Purchase.Repository.csproj" Id="c7a8a96e-9ddc-4fa0-92a2-01c1fcb10838" />
  <Project Path="Wex.Purchase.Service/Wex.Purchase.Service.csproj" Id="2901639f-6342-4c2a-90ce-b53427c5ce05" />
  <Project Path="Wex.Purchase.Unit.Tests/Wex.Purchase.Unit.Tests.csproj" />
</Solution>
